PODS:
  - Masonry (1.1.0)
  - ZMJNoDataView (0.0.2):
    - Masonry (~> 1.1.0)

DEPENDENCIES:
  - Masonry (~> 1.1.0)
  - ZMJNoDataView (from `../`)

SPEC REPOS:
  trunk:
    - Masonry

EXTERNAL SOURCES:
  ZMJNoDataView:
    :path: "../"

SPEC CHECKSUMS:
  Masonry: 678fab65091a9290e40e2832a55e7ab731aad201
  ZMJNoDataView: dfce98b6e65197b1a8761944daa9dab25222e22f

PODFILE CHECKSUM: 66d27bc0d9b2c9975171da9af4306c5579413218

COCOAPODS: 1.8.4
