PODS:
  - Masonry (1.1.0)
  - ZMJNoDataView (0.0.5):
    - Masonry (~> 1.1.0)

DEPENDENCIES:
  - Masonry (~> 1.1.0)
  - ZMJNoDataView (from `../`)

SPEC REPOS:
  https://github.com/CocoaPods/Specs.git:
    - Masonry

EXTERNAL SOURCES:
  ZMJNoDataView:
    :path: "../"

SPEC CHECKSUMS:
  Masonry: 678fab65091a9290e40e2832a55e7ab731aad201
  ZMJNoDataView: def2d8ea2b4098974c4130886af377f887ca5705

PODFILE CHECKSUM: 65e14f3baa65e52dadc3457345cc14a92b46b74f

COCOAPODS: 1.8.4
